
Microsoft Visual Studio Solution File, Format Version 12.00
# Visual Studio Version 17
VisualStudioVersion = 17.10.35027.167
MinimumVisualStudioVersion = 10.0.40219.1
Project("{FAE04EC0-301F-11D3-BF4B-00C04F79EFBC}") = "Annotation", "Annotation.csproj", "{FEFC7AB2-3DFD-4904-A8F4-BFB28EE64382}"
EndProject
Global
	GlobalSection(SolutionConfigurationPlatforms) = preSolution
		Debug|Any CPU = Debug|Any CPU
		Release|Any CPU = Release|Any CPU
	EndGlobalSection
	GlobalSection(ProjectConfigurationPlatforms) = postSolution
		{FEFC7AB2-3DFD-4904-A8F4-BFB28EE64382}.Debug|Any CPU.ActiveCfg = Debug|Any CPU
		{FEFC7AB2-3DFD-4904-A8F4-BFB28EE64382}.Debug|Any CPU.Build.0 = Debug|Any CPU
		{FEFC7AB2-3DFD-4904-A8F4-BFB28EE64382}.Release|Any CPU.ActiveCfg = Release|Any CPU
		{FEFC7AB2-3DFD-4904-A8F4-BFB28EE64382}.Release|Any CPU.Build.0 = Release|Any CPU
	EndGlobalSection
	GlobalSection(SolutionProperties) = preSolution
		HideSolutionNode = FALSE
	EndGlobalSection
	GlobalSection(ExtensibilityGlobals) = postSolution
		SolutionGuid = {A2CC26FA-A7A5-4EC9-B358-35F6ECAC20CA}
	EndGlobalSection
EndGlobal
